
Microsoft Visual Studio Solution File, Format Version 12.00
# Visual Studio Version 17
VisualStudioVersion = 17.3.32929.385
MinimumVisualStudioVersion = 10.0.40219.1
Project("{9A19103F-16F7-4668-BE54-9A1E7A4F7556}") = "1.DAL", "1.DAL\1.DAL.csproj", "{47E68AEB-CFBC-483C-9613-1898FB117E24}"
EndProject
Project("{9A19103F-16F7-4668-BE54-9A1E7A4F7556}") = "2.BUS", "2.BUS\2.BUS.csproj", "{B692C376-ADC4-41A3-9012-7843DCC7B580}"
EndProject
Project("{9A19103F-16F7-4668-BE54-9A1E7A4F7556}") = "3.PL", "3.PL\3.PL.csproj", "{C0F7C5CD-033D-45F8-AD46-FD783BB3B724}"
EndProject
Global
	GlobalSection(SolutionConfigurationPlatforms) = preSolution
		Debug|Any CPU = Debug|Any CPU
		Release|Any CPU = Release|Any CPU
	EndGlobalSection
	GlobalSection(ProjectConfigurationPlatforms) = postSolution
		{47E68AEB-CFBC-483C-9613-1898FB117E24}.Debug|Any CPU.ActiveCfg = Debug|Any CPU
		{47E68AEB-CFBC-483C-9613-1898FB117E24}.Debug|Any CPU.Build.0 = Debug|Any CPU
		{47E68AEB-CFBC-483C-9613-1898FB117E24}.Release|Any CPU.ActiveCfg = Release|Any CPU
		{47E68AEB-CFBC-483C-9613-1898FB117E24}.Release|Any CPU.Build.0 = Release|Any CPU
		{B692C376-ADC4-41A3-9012-7843DCC7B580}.Debug|Any CPU.ActiveCfg = Debug|Any CPU
		{B692C376-ADC4-41A3-9012-7843DCC7B580}.Debug|Any CPU.Build.0 = Debug|Any CPU
		{B692C376-ADC4-41A3-9012-7843DCC7B580}.Release|Any CPU.ActiveCfg = Release|Any CPU
		{B692C376-ADC4-41A3-9012-7843DCC7B580}.Release|Any CPU.Build.0 = Release|Any CPU
		{C0F7C5CD-033D-45F8-AD46-FD783BB3B724}.Debug|Any CPU.ActiveCfg = Debug|Any CPU
		{C0F7C5CD-033D-45F8-AD46-FD783BB3B724}.Debug|Any CPU.Build.0 = Debug|Any CPU
		{C0F7C5CD-033D-45F8-AD46-FD783BB3B724}.Release|Any CPU.ActiveCfg = Release|Any CPU
		{C0F7C5CD-033D-45F8-AD46-FD783BB3B724}.Release|Any CPU.Build.0 = Release|Any CPU
	EndGlobalSection
	GlobalSection(SolutionProperties) = preSolution
		HideSolutionNode = FALSE
	EndGlobalSection
	GlobalSection(ExtensibilityGlobals) = postSolution
		SolutionGuid = {CB526D1E-FA02-4341-81E7-4B861D89DEF8}
	EndGlobalSection
EndGlobal
